
Microsoft Visual Studio Solution File, Format Version 12.00
# Visual Studio Version 17
VisualStudioVersion = 17.13.35931.197 d17.13
MinimumVisualStudioVersion = 10.0.40219.1
Project("{FAE04EC0-301F-11D3-BF4B-00C04F79EFBC}") = "TicketBookingAPI", "TicketBookingAPI.csproj", "{ACF4963E-76A6-4D7D-BCA2-9F70F97A9C96}"
EndProject
Project("{FAE04EC0-301F-11D3-BF4B-00C04F79EFBC}") = "TicketBookingAPI.Tests", "..\TicketBookingAPI.Tests\TicketBookingAPI.Tests.csproj", "{334599F3-CCC4-417B-A335-49F07D70933C}"
EndProject
Global
	GlobalSection(SolutionConfigurationPlatforms) = preSolution
		Debug|Any CPU = Debug|Any CPU
		Release|Any CPU = Release|Any CPU
	EndGlobalSection
	GlobalSection(ProjectConfigurationPlatforms) = postSolution
		{ACF4963E-76A6-4D7D-BCA2-9F70F97A9C96}.Debug|Any CPU.ActiveCfg = Debug|Any CPU
		{ACF4963E-76A6-4D7D-BCA2-9F70F97A9C96}.Debug|Any CPU.Build.0 = Debug|Any CPU
		{ACF4963E-76A6-4D7D-BCA2-9F70F97A9C96}.Release|Any CPU.ActiveCfg = Release|Any CPU
		{ACF4963E-76A6-4D7D-BCA2-9F70F97A9C96}.Release|Any CPU.Build.0 = Release|Any CPU
		{334599F3-CCC4-417B-A335-49F07D70933C}.Debug|Any CPU.ActiveCfg = Debug|Any CPU
		{334599F3-CCC4-417B-A335-49F07D70933C}.Debug|Any CPU.Build.0 = Debug|Any CPU
		{334599F3-CCC4-417B-A335-49F07D70933C}.Release|Any CPU.ActiveCfg = Release|Any CPU
		{334599F3-CCC4-417B-A335-49F07D70933C}.Release|Any CPU.Build.0 = Release|Any CPU
	EndGlobalSection
	GlobalSection(SolutionProperties) = preSolution
		HideSolutionNode = FALSE
	EndGlobalSection
	GlobalSection(ExtensibilityGlobals) = postSolution
		SolutionGuid = {437F778F-28C3-4CD7-BD06-B71B88645996}
	EndGlobalSection
EndGlobal
